
Microsoft Visual Studio Solution File, Format Version 12.00
# Visual Studio Version 17
VisualStudioVersion = 17.1.32421.90
MinimumVisualStudioVersion = 10.0.40219.1
Project("{9A19103F-16F7-4668-BE54-9A1E7A4F7556}") = "UmCsharp", "..\..\..\Desktop\Projeto- vs\UmCsharp\UmCsharp\UmCsharp.csproj", "{1330F60A-BF7D-4D59-AF89-A91BD3075960}"
EndProject
Project("{9A19103F-16F7-4668-BE54-9A1E7A4F7556}") = "DoisCsharp", "..\..\..\Desktop\Projeto- vs\DoisCsharp\DoisCsharp\DoisCsharp.csproj", "{B92F2BB9-F209-458B-86BE-A9067A205424}"
EndProject
Project("{9A19103F-16F7-4668-BE54-9A1E7A4F7556}") = "tresCsharp", "Testes\tresCsharp\tresCsharp.csproj", "{E4ACF82F-96E0-4236-BBF5-9D3E49A4F78E}"
EndProject
Project("{9A19103F-16F7-4668-BE54-9A1E7A4F7556}") = "quatroCsharp", "Testes\quatroCsharp\quatroCsharp.csproj", "{35099D9F-659B-4E5F-8FF9-CBA3067C6972}"
EndProject
Project("{9A19103F-16F7-4668-BE54-9A1E7A4F7556}") = "cincoCsharp", "Testes\cincoCsharp\cincoCsharp.csproj", "{F8132D2C-DAED-463B-8E47-EFB3F3E72596}"
EndProject
Global
	GlobalSection(SolutionConfigurationPlatforms) = preSolution
		Debug|Any CPU = Debug|Any CPU
		Release|Any CPU = Release|Any CPU
	EndGlobalSection
	GlobalSection(ProjectConfigurationPlatforms) = postSolution
		{1330F60A-BF7D-4D59-AF89-A91BD3075960}.Debug|Any CPU.ActiveCfg = Debug|Any CPU
		{1330F60A-BF7D-4D59-AF89-A91BD3075960}.Debug|Any CPU.Build.0 = Debug|Any CPU
		{1330F60A-BF7D-4D59-AF89-A91BD3075960}.Release|Any CPU.ActiveCfg = Release|Any CPU
		{1330F60A-BF7D-4D59-AF89-A91BD3075960}.Release|Any CPU.Build.0 = Release|Any CPU
		{B92F2BB9-F209-458B-86BE-A9067A205424}.Debug|Any CPU.ActiveCfg = Debug|Any CPU
		{B92F2BB9-F209-458B-86BE-A9067A205424}.Debug|Any CPU.Build.0 = Debug|Any CPU
		{B92F2BB9-F209-458B-86BE-A9067A205424}.Release|Any CPU.ActiveCfg = Release|Any CPU
		{B92F2BB9-F209-458B-86BE-A9067A205424}.Release|Any CPU.Build.0 = Release|Any CPU
		{E4ACF82F-96E0-4236-BBF5-9D3E49A4F78E}.Debug|Any CPU.ActiveCfg = Debug|Any CPU
		{E4ACF82F-96E0-4236-BBF5-9D3E49A4F78E}.Debug|Any CPU.Build.0 = Debug|Any CPU
		{E4ACF82F-96E0-4236-BBF5-9D3E49A4F78E}.Release|Any CPU.ActiveCfg = Release|Any CPU
		{E4ACF82F-96E0-4236-BBF5-9D3E49A4F78E}.Release|Any CPU.Build.0 = Release|Any CPU
		{35099D9F-659B-4E5F-8FF9-CBA3067C6972}.Debug|Any CPU.ActiveCfg = Debug|Any CPU
		{35099D9F-659B-4E5F-8FF9-CBA3067C6972}.Debug|Any CPU.Build.0 = Debug|Any CPU
		{35099D9F-659B-4E5F-8FF9-CBA3067C6972}.Release|Any CPU.ActiveCfg = Release|Any CPU
		{35099D9F-659B-4E5F-8FF9-CBA3067C6972}.Release|Any CPU.Build.0 = Release|Any CPU
		{F8132D2C-DAED-463B-8E47-EFB3F3E72596}.Debug|Any CPU.ActiveCfg = Debug|Any CPU
		{F8132D2C-DAED-463B-8E47-EFB3F3E72596}.Debug|Any CPU.Build.0 = Debug|Any CPU
		{F8132D2C-DAED-463B-8E47-EFB3F3E72596}.Release|Any CPU.ActiveCfg = Release|Any CPU
		{F8132D2C-DAED-463B-8E47-EFB3F3E72596}.Release|Any CPU.Build.0 = Release|Any CPU
	EndGlobalSection
	GlobalSection(SolutionProperties) = preSolution
		HideSolutionNode = FALSE
	EndGlobalSection
	GlobalSection(ExtensibilityGlobals) = postSolution
		SolutionGuid = {7B6FE71E-4331-4A3E-A86E-2C1E68EA19C6}
	EndGlobalSection
EndGlobal
